
Microsoft Visual Studio Solution File, Format Version 12.00
# Visual Studio Version 16
VisualStudioVersion = 16.0.29806.167
MinimumVisualStudioVersion = 10.0.40219.1
Project("{FAE04EC0-301F-11D3-BF4B-00C04F79EFBC}") = "Infra", "Infra\Infra.csproj", "{4FD34D08-E34E-403F-B338-621D0D5819EB}"
EndProject
Project("{00D1A9C2-B5F0-4AF3-8072-F6C62B433612}") = "SiGMunDB", "SiGMunDB\SiGMunDB.sqlproj", "{1FEAD1E2-9A86-4CEA-A22F-C2A8C2542CF2}"
EndProject
Project("{FAE04EC0-301F-11D3-BF4B-00C04F79EFBC}") = "MVC", "MVC\MVC.csproj", "{8D2C43BB-4859-484C-81B6-EDB5F49F74D8}"
EndProject
Project("{2150E333-8FDC-42A3-9474-1A3956D46DE8}") = "04-Monografia", "04-Monografia", "{D2BAD2C1-1D5E-4D7C-AD2C-6A3FCD1D9519}"
EndProject
Project("{2150E333-8FDC-42A3-9474-1A3956D46DE8}") = "00-BaseDados", "00-BaseDados", "{1F10A2C7-B152-4EC9-A32F-223B6131904F}"
EndProject
Project("{2150E333-8FDC-42A3-9474-1A3956D46DE8}") = "01-InfraEstrutura", "01-InfraEstrutura", "{F851A8E9-9B32-4515-B4B3-06F0FCD1D1E2}"
EndProject
Project("{2150E333-8FDC-42A3-9474-1A3956D46DE8}") = "03-Apresentacao", "03-Apresentacao", "{59F90EA2-E351-4E58-828D-3D3A80A1C9BA}"
EndProject
Global
	GlobalSection(SolutionConfigurationPlatforms) = preSolution
		Debug|Any CPU = Debug|Any CPU
		Release|Any CPU = Release|Any CPU
	EndGlobalSection
	GlobalSection(ProjectConfigurationPlatforms) = postSolution
		{4FD34D08-E34E-403F-B338-621D0D5819EB}.Debug|Any CPU.ActiveCfg = Debug|Any CPU
		{4FD34D08-E34E-403F-B338-621D0D5819EB}.Debug|Any CPU.Build.0 = Debug|Any CPU
		{4FD34D08-E34E-403F-B338-621D0D5819EB}.Release|Any CPU.ActiveCfg = Release|Any CPU
		{4FD34D08-E34E-403F-B338-621D0D5819EB}.Release|Any CPU.Build.0 = Release|Any CPU
		{1FEAD1E2-9A86-4CEA-A22F-C2A8C2542CF2}.Debug|Any CPU.ActiveCfg = Debug|Any CPU
		{1FEAD1E2-9A86-4CEA-A22F-C2A8C2542CF2}.Debug|Any CPU.Build.0 = Debug|Any CPU
		{1FEAD1E2-9A86-4CEA-A22F-C2A8C2542CF2}.Debug|Any CPU.Deploy.0 = Debug|Any CPU
		{1FEAD1E2-9A86-4CEA-A22F-C2A8C2542CF2}.Release|Any CPU.ActiveCfg = Release|Any CPU
		{1FEAD1E2-9A86-4CEA-A22F-C2A8C2542CF2}.Release|Any CPU.Build.0 = Release|Any CPU
		{1FEAD1E2-9A86-4CEA-A22F-C2A8C2542CF2}.Release|Any CPU.Deploy.0 = Release|Any CPU
		{8D2C43BB-4859-484C-81B6-EDB5F49F74D8}.Debug|Any CPU.ActiveCfg = Debug|Any CPU
		{8D2C43BB-4859-484C-81B6-EDB5F49F74D8}.Debug|Any CPU.Build.0 = Debug|Any CPU
		{8D2C43BB-4859-484C-81B6-EDB5F49F74D8}.Release|Any CPU.ActiveCfg = Release|Any CPU
		{8D2C43BB-4859-484C-81B6-EDB5F49F74D8}.Release|Any CPU.Build.0 = Release|Any CPU
	EndGlobalSection
	GlobalSection(SolutionProperties) = preSolution
		HideSolutionNode = FALSE
	EndGlobalSection
	GlobalSection(NestedProjects) = preSolution
		{4FD34D08-E34E-403F-B338-621D0D5819EB} = {F851A8E9-9B32-4515-B4B3-06F0FCD1D1E2}
		{1FEAD1E2-9A86-4CEA-A22F-C2A8C2542CF2} = {1F10A2C7-B152-4EC9-A32F-223B6131904F}
		{8D2C43BB-4859-484C-81B6-EDB5F49F74D8} = {59F90EA2-E351-4E58-828D-3D3A80A1C9BA}
	EndGlobalSection
	GlobalSection(ExtensibilityGlobals) = postSolution
		SolutionGuid = {C8575FCF-6E7D-4EFA-824F-D78F97AD2B9C}
	EndGlobalSection
EndGlobal
