
Microsoft Visual Studio Solution File, Format Version 12.00
# Visual Studio Version 16
VisualStudioVersion = 16.0.29806.167
MinimumVisualStudioVersion = 10.0.40219.1
Project("{FAE04EC0-301F-11D3-BF4B-00C04F79EFBC}") = "06-Web", "06-Web\06-Web.csproj", "{17FA38D0-F371-46BC-9D58-544AE16BE36B}"
EndProject
Project("{2150E333-8FDC-42A3-9474-1A3956D46DE8}") = "01-Apresentação", "01-Apresentação", "{96502EC0-565C-43EB-8DB9-66E390BEEDDE}"
EndProject
Project("{2150E333-8FDC-42A3-9474-1A3956D46DE8}") = "02-Serviços", "02-Serviços", "{1F62713A-DCCB-4EA8-8F9A-4314EFE37D16}"
EndProject
Project("{2150E333-8FDC-42A3-9474-1A3956D46DE8}") = "03-Aplicação", "03-Aplicação", "{B7450FD4-5A34-4BDC-ADD3-212AB9B85A14}"
EndProject
Project("{2150E333-8FDC-42A3-9474-1A3956D46DE8}") = "04-Dominio", "04-Dominio", "{608D9CAE-392E-482F-80F3-CA61F5314E93}"
EndProject
Project("{2150E333-8FDC-42A3-9474-1A3956D46DE8}") = "05-InfraEstrutura", "05-InfraEstrutura", "{5B7309F8-8763-4F43-9171-5AE6B9510F8C}"
EndProject
Project("{2150E333-8FDC-42A3-9474-1A3956D46DE8}") = "06-Monografia", "06-Monografia", "{3DD0B168-D13A-48DC-8B50-AAC28781AA9B}"
EndProject
Project("{2150E333-8FDC-42A3-9474-1A3956D46DE8}") = "Data", "Data", "{AF88A3C8-F5D7-45BA-90E1-24C426CD07C4}"
EndProject
Project("{FAE04EC0-301F-11D3-BF4B-00C04F79EFBC}") = "DataAccessLayer", "DataAccessLayer\DataAccessLayer.csproj", "{128DE0F3-2AE7-434D-9E12-0E3CE5558FAC}"
EndProject
Project("{FAE04EC0-301F-11D3-BF4B-00C04F79EFBC}") = "Dominio", "Dominio\Dominio.csproj", "{98462A3A-BFE8-45DA-90D6-8D817B9340BE}"
EndProject
Project("{FAE04EC0-301F-11D3-BF4B-00C04F79EFBC}") = "Aplicacao", "Aplicacao\Aplicacao.csproj", "{F4E8BE36-071C-4DF7-90A7-417E9DEAB398}"
EndProject
Project("{FAE04EC0-301F-11D3-BF4B-00C04F79EFBC}") = "Servicos", "Servicos\Servicos.csproj", "{6044C34A-88E7-4C09-84FF-22E69B795C09}"
EndProject
Project("{2150E333-8FDC-42A3-9474-1A3956D46DE8}") = "00-BaseDados", "00-BaseDados", "{1BE29EA7-27F2-4632-8A9B-2D3BB32AD108}"
EndProject
Project("{00D1A9C2-B5F0-4AF3-8072-F6C62B433612}") = "SiGMunBD", "SiGMunBD\SiGMunBD.sqlproj", "{232A0C48-00CB-400C-8C7E-3199D819AD40}"
EndProject
Project("{FAE04EC0-301F-11D3-BF4B-00C04F79EFBC}") = "Monografia", "Monografia\Monografia.csproj", "{85078145-C01C-44A8-A8C0-DF8794244E5B}"
EndProject
Project("{FAE04EC0-301F-11D3-BF4B-00C04F79EFBC}") = "Web", "Web\Web.csproj", "{656FB212-4454-44F3-A8D1-BB31C3289E18}"
EndProject
Global
	GlobalSection(SolutionConfigurationPlatforms) = preSolution
		Debug|Any CPU = Debug|Any CPU
		Release|Any CPU = Release|Any CPU
	EndGlobalSection
	GlobalSection(ProjectConfigurationPlatforms) = postSolution
		{17FA38D0-F371-46BC-9D58-544AE16BE36B}.Debug|Any CPU.ActiveCfg = Debug|Any CPU
		{17FA38D0-F371-46BC-9D58-544AE16BE36B}.Debug|Any CPU.Build.0 = Debug|Any CPU
		{17FA38D0-F371-46BC-9D58-544AE16BE36B}.Release|Any CPU.ActiveCfg = Release|Any CPU
		{17FA38D0-F371-46BC-9D58-544AE16BE36B}.Release|Any CPU.Build.0 = Release|Any CPU
		{128DE0F3-2AE7-434D-9E12-0E3CE5558FAC}.Debug|Any CPU.ActiveCfg = Debug|Any CPU
		{128DE0F3-2AE7-434D-9E12-0E3CE5558FAC}.Debug|Any CPU.Build.0 = Debug|Any CPU
		{128DE0F3-2AE7-434D-9E12-0E3CE5558FAC}.Release|Any CPU.ActiveCfg = Release|Any CPU
		{128DE0F3-2AE7-434D-9E12-0E3CE5558FAC}.Release|Any CPU.Build.0 = Release|Any CPU
		{98462A3A-BFE8-45DA-90D6-8D817B9340BE}.Debug|Any CPU.ActiveCfg = Debug|Any CPU
		{98462A3A-BFE8-45DA-90D6-8D817B9340BE}.Debug|Any CPU.Build.0 = Debug|Any CPU
		{98462A3A-BFE8-45DA-90D6-8D817B9340BE}.Release|Any CPU.ActiveCfg = Release|Any CPU
		{98462A3A-BFE8-45DA-90D6-8D817B9340BE}.Release|Any CPU.Build.0 = Release|Any CPU
		{F4E8BE36-071C-4DF7-90A7-417E9DEAB398}.Debug|Any CPU.ActiveCfg = Debug|Any CPU
		{F4E8BE36-071C-4DF7-90A7-417E9DEAB398}.Debug|Any CPU.Build.0 = Debug|Any CPU
		{F4E8BE36-071C-4DF7-90A7-417E9DEAB398}.Release|Any CPU.ActiveCfg = Release|Any CPU
		{F4E8BE36-071C-4DF7-90A7-417E9DEAB398}.Release|Any CPU.Build.0 = Release|Any CPU
		{6044C34A-88E7-4C09-84FF-22E69B795C09}.Debug|Any CPU.ActiveCfg = Debug|Any CPU
		{6044C34A-88E7-4C09-84FF-22E69B795C09}.Debug|Any CPU.Build.0 = Debug|Any CPU
		{6044C34A-88E7-4C09-84FF-22E69B795C09}.Release|Any CPU.ActiveCfg = Release|Any CPU
		{6044C34A-88E7-4C09-84FF-22E69B795C09}.Release|Any CPU.Build.0 = Release|Any CPU
		{232A0C48-00CB-400C-8C7E-3199D819AD40}.Debug|Any CPU.ActiveCfg = Debug|Any CPU
		{232A0C48-00CB-400C-8C7E-3199D819AD40}.Debug|Any CPU.Build.0 = Debug|Any CPU
		{232A0C48-00CB-400C-8C7E-3199D819AD40}.Debug|Any CPU.Deploy.0 = Debug|Any CPU
		{232A0C48-00CB-400C-8C7E-3199D819AD40}.Release|Any CPU.ActiveCfg = Release|Any CPU
		{232A0C48-00CB-400C-8C7E-3199D819AD40}.Release|Any CPU.Build.0 = Release|Any CPU
		{232A0C48-00CB-400C-8C7E-3199D819AD40}.Release|Any CPU.Deploy.0 = Release|Any CPU
		{85078145-C01C-44A8-A8C0-DF8794244E5B}.Debug|Any CPU.ActiveCfg = Debug|Any CPU
		{85078145-C01C-44A8-A8C0-DF8794244E5B}.Debug|Any CPU.Build.0 = Debug|Any CPU
		{85078145-C01C-44A8-A8C0-DF8794244E5B}.Release|Any CPU.ActiveCfg = Release|Any CPU
		{85078145-C01C-44A8-A8C0-DF8794244E5B}.Release|Any CPU.Build.0 = Release|Any CPU
		{656FB212-4454-44F3-A8D1-BB31C3289E18}.Debug|Any CPU.ActiveCfg = Debug|Any CPU
		{656FB212-4454-44F3-A8D1-BB31C3289E18}.Debug|Any CPU.Build.0 = Debug|Any CPU
		{656FB212-4454-44F3-A8D1-BB31C3289E18}.Release|Any CPU.ActiveCfg = Release|Any CPU
		{656FB212-4454-44F3-A8D1-BB31C3289E18}.Release|Any CPU.Build.0 = Release|Any CPU
	EndGlobalSection
	GlobalSection(SolutionProperties) = preSolution
		HideSolutionNode = FALSE
	EndGlobalSection
	GlobalSection(NestedProjects) = preSolution
		{AF88A3C8-F5D7-45BA-90E1-24C426CD07C4} = {5B7309F8-8763-4F43-9171-5AE6B9510F8C}
		{128DE0F3-2AE7-434D-9E12-0E3CE5558FAC} = {AF88A3C8-F5D7-45BA-90E1-24C426CD07C4}
		{98462A3A-BFE8-45DA-90D6-8D817B9340BE} = {608D9CAE-392E-482F-80F3-CA61F5314E93}
		{F4E8BE36-071C-4DF7-90A7-417E9DEAB398} = {B7450FD4-5A34-4BDC-ADD3-212AB9B85A14}
		{6044C34A-88E7-4C09-84FF-22E69B795C09} = {1F62713A-DCCB-4EA8-8F9A-4314EFE37D16}
		{232A0C48-00CB-400C-8C7E-3199D819AD40} = {1BE29EA7-27F2-4632-8A9B-2D3BB32AD108}
		{85078145-C01C-44A8-A8C0-DF8794244E5B} = {3DD0B168-D13A-48DC-8B50-AAC28781AA9B}
		{656FB212-4454-44F3-A8D1-BB31C3289E18} = {96502EC0-565C-43EB-8DB9-66E390BEEDDE}
	EndGlobalSection
	GlobalSection(ExtensibilityGlobals) = postSolution
		SolutionGuid = {C8575FCF-6E7D-4EFA-824F-D78F97AD2B9C}
	EndGlobalSection
EndGlobal
